{
  "version": 4,
  "terraform_version": "1.7.3",
  "serial": 48,
  "lineage": "f0c4251b-1939-729c-ef0d-930e0b266973",
  "outputs": {},
  "resources": [
    {
      "mode": "managed",
      "type": "azurerm_container_registry",
      "name": "acr",
      "provider": "provider[\"registry.terraform.io/hashicorp/azurerm\"]",
      "instances": [
        {
          "schema_version": 2,
          "attributes": {
            "admin_enabled": false,
            "admin_password": "",
            "admin_username": "",
            "anonymous_pull_enabled": false,
            "data_endpoint_enabled": false,
            "encryption": [
              {
                "enabled": false,
                "identity_client_id": "",
                "key_vault_key_id": ""
              }
            ],
            "export_policy_enabled": true,
            "georeplications": [],
            "id": "/subscriptions/6f4edd7c-127b-448f-a9a9-a3644530720a/resourceGroups/terra-karthik-rg/providers/Microsoft.ContainerRegistry/registries/karhikregistry",
            "identity": [],
            "location": "eastus",
            "login_server": "karhikregistry.azurecr.io",
            "name": "karhikregistry",
            "network_rule_bypass_option": "AzureServices",
            "network_rule_set": [],
            "public_network_access_enabled": true,
            "quarantine_policy_enabled": false,
            "resource_group_name": "terra-karthik-rg",
            "retention_policy": [
              {
                "days": 7,
                "enabled": false
              }
            ],
            "sku": "Standard",
            "tags": null,
            "timeouts": null,
            "trust_policy": [
              {
                "enabled": false
              }
            ],
            "zone_redundancy_enabled": false
          },
          "sensitive_attributes": [],
          "private": "eyJlMmJmYjczMC1lY2FhLTExZTYtOGY4OC0zNDM2M2JjN2M0YzAiOnsiY3JlYXRlIjoxODAwMDAwMDAwMDAwLCJkZWxldGUiOjE4MDAwMDAwMDAwMDAsInJlYWQiOjMwMDAwMDAwMDAwMCwidXBkYXRlIjoxODAwMDAwMDAwMDAwfSwic2NoZW1hX3ZlcnNpb24iOiIyIn0=",
          "dependencies": [
            "azurerm_resource_group.terra-karthik"
          ]
        }
      ]
    },
    {
      "mode": "managed",
      "type": "azurerm_container_registry_webhook",
      "name": "webhook",
      "provider": "provider[\"registry.terraform.io/hashicorp/azurerm\"]",
      "instances": [
        {
          "schema_version": 0,
          "attributes": {
            "actions": [
              "push"
            ],
            "custom_headers": {
              "Content-Type": "application/json"
            },
            "id": "/subscriptions/6f4edd7c-127b-448f-a9a9-a3644530720a/resourceGroups/terra-karthik-rg/providers/Microsoft.ContainerRegistry/registries/karhikregistry/webhooks/karthikwebhook",
            "location": "eastus",
            "name": "karthikwebhook",
            "registry_name": "karhikregistry",
            "resource_group_name": "terra-karthik-rg",
            "scope": "mytag:*",
            "service_uri": "https://karthikwebhook.terra-demo/mytag",
            "status": "enabled",
            "tags": null,
            "timeouts": null
          },
          "sensitive_attributes": [],
          "private": "eyJlMmJmYjczMC1lY2FhLTExZTYtOGY4OC0zNDM2M2JjN2M0YzAiOnsiY3JlYXRlIjoxODAwMDAwMDAwMDAwLCJkZWxldGUiOjE4MDAwMDAwMDAwMDAsInJlYWQiOjMwMDAwMDAwMDAwMCwidXBkYXRlIjoxODAwMDAwMDAwMDAwfX0=",
          "dependencies": [
            "azurerm_container_registry.acr",
            "azurerm_resource_group.terra-karthik"
          ]
        }
      ]
    },
    {
      "mode": "managed",
      "type": "azurerm_data_factory",
      "name": "terra-karthik",
      "provider": "provider[\"registry.terraform.io/hashicorp/azurerm\"]",
      "instances": [
        {
          "schema_version": 2,
          "attributes": {
            "customer_managed_key_id": "",
            "customer_managed_key_identity_id": "",
            "github_configuration": [],
            "global_parameter": [],
            "id": "/subscriptions/6f4edd7c-127b-448f-a9a9-a3644530720a/resourceGroups/terra-karthik-rg/providers/Microsoft.DataFactory/factories/terra-karthik",
            "identity": [],
            "location": "eastus",
            "managed_virtual_network_enabled": false,
            "name": "terra-karthik",
            "public_network_enabled": true,
            "resource_group_name": "terra-karthik-rg",
            "tags": {},
            "timeouts": null,
            "vsts_configuration": []
          },
          "sensitive_attributes": [],
          "private": "eyJlMmJmYjczMC1lY2FhLTExZTYtOGY4OC0zNDM2M2JjN2M0YzAiOnsiY3JlYXRlIjoxODAwMDAwMDAwMDAwLCJkZWxldGUiOjE4MDAwMDAwMDAwMDAsInJlYWQiOjMwMDAwMDAwMDAwMCwidXBkYXRlIjoxODAwMDAwMDAwMDAwfSwic2NoZW1hX3ZlcnNpb24iOiIyIn0=",
          "dependencies": [
            "azurerm_resource_group.terra-karthik"
          ]
        }
      ]
    },
    {
      "mode": "managed",
      "type": "azurerm_data_factory_pipeline",
      "name": "terra-karthik",
      "provider": "provider[\"registry.terraform.io/hashicorp/azurerm\"]",
      "instances": [
        {
          "schema_version": 0,
          "attributes": {
            "activities_json": null,
            "annotations": [],
            "concurrency": 0,
            "data_factory_id": "/subscriptions/6f4edd7c-127b-448f-a9a9-a3644530720a/resourceGroups/terra-karthik-rg/providers/Microsoft.DataFactory/factories/terra-karthik",
            "description": "",
            "folder": null,
            "id": "/subscriptions/6f4edd7c-127b-448f-a9a9-a3644530720a/resourceGroups/terra-karthik-rg/providers/Microsoft.DataFactory/factories/terra-karthik/pipelines/terra-karthik",
            "moniter_metrics_after_duration": "",
            "name": "terra-karthik",
            "parameters": {},
            "timeouts": null,
            "variables": {}
          },
          "sensitive_attributes": [],
          "private": "eyJlMmJmYjczMC1lY2FhLTExZTYtOGY4OC0zNDM2M2JjN2M0YzAiOnsiY3JlYXRlIjoxODAwMDAwMDAwMDAwLCJkZWxldGUiOjE4MDAwMDAwMDAwMDAsInJlYWQiOjMwMDAwMDAwMDAwMCwidXBkYXRlIjoxODAwMDAwMDAwMDAwfX0=",
          "dependencies": [
            "azurerm_data_factory.terra-karthik",
            "azurerm_resource_group.terra-karthik"
          ]
        }
      ]
    },
    {
      "mode": "managed",
      "type": "azurerm_linux_virtual_machine",
      "name": "terra-karthik",
      "provider": "provider[\"registry.terraform.io/hashicorp/azurerm\"]",
      "instances": [
        {
          "schema_version": 0,
          "attributes": {
            "additional_capabilities": [],
            "admin_password": null,
            "admin_ssh_key": [
              {
                "public_key": "ssh-rsa AAAAB3NzaC1yc2EAAAADAQABAAABgQDjtr8FWbFZB1c24aS0k4uwaunsUTh4ee4ZFqeJ6WSdelkGGhQlztQbeM8BV3x913JW+49NFVffqww1QOp46iEUIhFufvkg62Xp9Dbdso/mcPGv7866AIKjhgHLZdusMKGoNi7iII/XOPT/BUw/4pveatc956oXbRnQJQioGoiAU0tHLENuhvU8wZl0JDWFsMgRlB/8rS+9yw3f/jb5VktEAiutVDvf23YcnGvfOfrUzC2PlRC0YYuYWTmJv9KOUro540Xc6yyLVR4cnmvS2o5LBI/2eTjdRW9OuygonekBTAxJYGzQ8efwAOI/p7H9u/qFsu2ev8sQjMOUBWM5qZNTNSsUt6/scY1RlKSmNZ8O1KfTAswfrXmc6v3Z+ohw5CpUPEcExRMIhy5PLWXIm3D178EGXq+N5h4GL5usil7txJvjEsw7wVBIAUH/sWKlIC3gPziGPlBjRVsqDCiij+ugd2xTgR0/k54WWGwdCgHWuQHgJ38JIfaPajrBmOMYz7E= karthik@DESKTOP-L38KUEU\r\n",
                "username": "karthik"
              }
            ],
            "admin_username": "karthik",
            "allow_extension_operations": true,
            "availability_set_id": "",
            "boot_diagnostics": [],
            "computer_name": "terra-karthik-machine01",
            "custom_data": null,
            "dedicated_host_group_id": "",
            "dedicated_host_id": "",
            "disable_password_authentication": true,
            "edge_zone": "",
            "encryption_at_host_enabled": false,
            "eviction_policy": "",
            "extensions_time_budget": "PT1H30M",
            "id": "/subscriptions/6f4edd7c-127b-448f-a9a9-a3644530720a/resourceGroups/terra-karthik-rg/providers/Microsoft.Compute/virtualMachines/terra-karthik-machine01",
            "identity": [],
            "license_type": "",
            "location": "eastus",
            "max_bid_price": -1,
            "name": "terra-karthik-machine01",
            "network_interface_ids": [
              "/subscriptions/6f4edd7c-127b-448f-a9a9-a3644530720a/resourceGroups/terra-karthik-rg/providers/Microsoft.Network/networkInterfaces/terra-karthik-nic"
            ],
            "os_disk": [
              {
                "caching": "ReadWrite",
                "diff_disk_settings": [],
                "disk_encryption_set_id": "",
                "disk_size_gb": 30,
                "name": "terra-karthik-machine01_OsDisk_1_bd72e1c17be443f29b25831ea2dc854c",
                "storage_account_type": "Standard_LRS",
                "write_accelerator_enabled": false
              }
            ],
            "patch_mode": "ImageDefault",
            "plan": [],
            "platform_fault_domain": -1,
            "priority": "Regular",
            "private_ip_address": "10.0.0.4",
            "private_ip_addresses": [
              "10.0.0.4"
            ],
            "provision_vm_agent": true,
            "proximity_placement_group_id": "",
            "public_ip_address": "52.191.70.169",
            "public_ip_addresses": [
              "52.191.70.169"
            ],
            "resource_group_name": "terra-karthik-rg",
            "secret": [],
            "secure_boot_enabled": false,
            "size": "Standard_D2_v2",
            "source_image_id": "",
            "source_image_reference": [
              {
                "offer": "0001-com-ubuntu-server-jammy",
                "publisher": "Canonical",
                "sku": "22_04-lts",
                "version": "latest"
              }
            ],
            "tags": {},
            "termination_notification": [],
            "timeouts": null,
            "user_data": "",
            "virtual_machine_id": "9db8e5bf-24a4-49fc-966b-84dcb5ab4e65",
            "virtual_machine_scale_set_id": "",
            "vtpm_enabled": false,
            "zone": ""
          },
          "sensitive_attributes": [],
          "private": "eyJlMmJmYjczMC1lY2FhLTExZTYtOGY4OC0zNDM2M2JjN2M0YzAiOnsiY3JlYXRlIjoyNzAwMDAwMDAwMDAwLCJkZWxldGUiOjI3MDAwMDAwMDAwMDAsInJlYWQiOjMwMDAwMDAwMDAwMCwidXBkYXRlIjoyNzAwMDAwMDAwMDAwfX0=",
          "dependencies": [
            "azurerm_network_interface.terra-karthik",
            "azurerm_public_ip.terra-karthik",
            "azurerm_resource_group.terra-karthik",
            "azurerm_subnet.terra-karthik",
            "azurerm_virtual_network.terra-karthik"
          ]
        }
      ]
    },
    {
      "mode": "managed",
      "type": "azurerm_network_interface",
      "name": "terra-karthik",
      "provider": "provider[\"registry.terraform.io/hashicorp/azurerm\"]",
      "instances": [
        {
          "schema_version": 0,
          "attributes": {
            "applied_dns_servers": [],
            "dns_servers": [],
            "edge_zone": "",
            "enable_accelerated_networking": false,
            "enable_ip_forwarding": false,
            "id": "/subscriptions/6f4edd7c-127b-448f-a9a9-a3644530720a/resourceGroups/terra-karthik-rg/providers/Microsoft.Network/networkInterfaces/terra-karthik-nic",
            "internal_dns_name_label": "",
            "internal_domain_name_suffix": "",
            "ip_configuration": [
              {
                "gateway_load_balancer_frontend_ip_configuration_id": "",
                "name": "internal",
                "primary": true,
                "private_ip_address": "10.0.0.4",
                "private_ip_address_allocation": "Dynamic",
                "private_ip_address_version": "IPv4",
                "public_ip_address_id": "/subscriptions/6f4edd7c-127b-448f-a9a9-a3644530720a/resourceGroups/terra-karthik-rg/providers/Microsoft.Network/publicIPAddresses/terra-karthik-machine01-pip",
                "subnet_id": "/subscriptions/6f4edd7c-127b-448f-a9a9-a3644530720a/resourceGroups/terra-karthik-rg/providers/Microsoft.Network/virtualNetworks/terra-karthik-vnet/subnets/SubnetA"
              }
            ],
            "location": "eastus",
            "mac_address": "00-22-48-31-CC-E9",
            "name": "terra-karthik-nic",
            "private_ip_address": "10.0.0.4",
            "private_ip_addresses": [
              "10.0.0.4"
            ],
            "resource_group_name": "terra-karthik-rg",
            "tags": {},
            "timeouts": null,
            "virtual_machine_id": "/subscriptions/6f4edd7c-127b-448f-a9a9-a3644530720a/resourceGroups/terra-karthik-rg/providers/Microsoft.Compute/virtualMachines/terra-karthik-machine01"
          },
          "sensitive_attributes": [],
          "private": "eyJlMmJmYjczMC1lY2FhLTExZTYtOGY4OC0zNDM2M2JjN2M0YzAiOnsiY3JlYXRlIjoxODAwMDAwMDAwMDAwLCJkZWxldGUiOjE4MDAwMDAwMDAwMDAsInJlYWQiOjMwMDAwMDAwMDAwMCwidXBkYXRlIjoxODAwMDAwMDAwMDAwfX0=",
          "dependencies": [
            "azurerm_public_ip.terra-karthik",
            "azurerm_resource_group.terra-karthik",
            "azurerm_subnet.terra-karthik",
            "azurerm_virtual_network.terra-karthik"
          ]
        }
      ]
    },
    {
      "mode": "managed",
      "type": "azurerm_network_security_group",
      "name": "terra-karthik",
      "provider": "provider[\"registry.terraform.io/hashicorp/azurerm\"]",
      "instances": [
        {
          "schema_version": 0,
          "attributes": {
            "id": "/subscriptions/6f4edd7c-127b-448f-a9a9-a3644530720a/resourceGroups/terra-karthik-rg/providers/Microsoft.Network/networkSecurityGroups/terra-vr-secu",
            "location": "eastus",
            "name": "terra-vr-secu",
            "resource_group_name": "terra-karthik-rg",
            "security_rule": [
              {
                "access": "Allow",
                "description": "",
                "destination_address_prefix": "*",
                "destination_address_prefixes": [],
                "destination_application_security_group_ids": [],
                "destination_port_range": "80",
                "destination_port_ranges": [],
                "direction": "Inbound",
                "name": "Allow_HTTP",
                "priority": 100,
                "protocol": "Tcp",
                "source_address_prefix": "*",
                "source_address_prefixes": [],
                "source_application_security_group_ids": [],
                "source_port_range": "*",
                "source_port_ranges": []
              }
            ],
            "tags": {
              "environment": "Production",
              "terraform": "terraform"
            },
            "timeouts": null
          },
          "sensitive_attributes": [],
          "private": "eyJlMmJmYjczMC1lY2FhLTExZTYtOGY4OC0zNDM2M2JjN2M0YzAiOnsiY3JlYXRlIjoxODAwMDAwMDAwMDAwLCJkZWxldGUiOjE4MDAwMDAwMDAwMDAsInJlYWQiOjMwMDAwMDAwMDAwMCwidXBkYXRlIjoxODAwMDAwMDAwMDAwfX0=",
          "dependencies": [
            "azurerm_resource_group.terra-karthik"
          ]
        }
      ]
    },
    {
      "mode": "managed",
      "type": "azurerm_public_ip",
      "name": "terra-karthik",
      "provider": "provider[\"registry.terraform.io/hashicorp/azurerm\"]",
      "instances": [
        {
          "schema_version": 0,
          "attributes": {
            "allocation_method": "Static",
            "domain_name_label": null,
            "edge_zone": "",
            "fqdn": null,
            "id": "/subscriptions/6f4edd7c-127b-448f-a9a9-a3644530720a/resourceGroups/terra-karthik-rg/providers/Microsoft.Network/publicIPAddresses/terra-karthik-machine01-pip",
            "idle_timeout_in_minutes": 4,
            "ip_address": "52.191.70.169",
            "ip_tags": {},
            "ip_version": "IPv4",
            "location": "eastus",
            "name": "terra-karthik-machine01-pip",
            "public_ip_prefix_id": null,
            "resource_group_name": "terra-karthik-rg",
            "reverse_fqdn": null,
            "sku": "Basic",
            "sku_tier": "Regional",
            "tags": {},
            "timeouts": null,
            "zones": []
          },
          "sensitive_attributes": [],
          "private": "eyJlMmJmYjczMC1lY2FhLTExZTYtOGY4OC0zNDM2M2JjN2M0YzAiOnsiY3JlYXRlIjoxODAwMDAwMDAwMDAwLCJkZWxldGUiOjE4MDAwMDAwMDAwMDAsInJlYWQiOjMwMDAwMDAwMDAwMCwidXBkYXRlIjoxODAwMDAwMDAwMDAwfX0=",
          "dependencies": [
            "azurerm_resource_group.terra-karthik"
          ]
        }
      ]
    },
    {
      "mode": "managed",
      "type": "azurerm_resource_group",
      "name": "terra-karthik",
      "provider": "provider[\"registry.terraform.io/hashicorp/azurerm\"]",
      "instances": [
        {
          "schema_version": 0,
          "attributes": {
            "id": "/subscriptions/6f4edd7c-127b-448f-a9a9-a3644530720a/resourceGroups/terra-karthik-rg",
            "location": "eastus",
            "name": "terra-karthik-rg",
            "tags": {},
            "timeouts": null
          },
          "sensitive_attributes": [],
          "private": "eyJlMmJmYjczMC1lY2FhLTExZTYtOGY4OC0zNDM2M2JjN2M0YzAiOnsiY3JlYXRlIjo1NDAwMDAwMDAwMDAwLCJkZWxldGUiOjU0MDAwMDAwMDAwMDAsInJlYWQiOjMwMDAwMDAwMDAwMCwidXBkYXRlIjo1NDAwMDAwMDAwMDAwfX0="
        }
      ]
    },
    {
      "mode": "managed",
      "type": "azurerm_storage_account",
      "name": "to_monitor",
      "provider": "provider[\"registry.terraform.io/hashicorp/azurerm\"]",
      "instances": [
        {
          "schema_version": 3,
          "attributes": {
            "access_tier": "Hot",
            "account_kind": "StorageV2",
            "account_replication_type": "LRS",
            "account_tier": "Standard",
            "allow_nested_items_to_be_public": true,
            "azure_files_authentication": [],
            "blob_properties": [
              {
                "change_feed_enabled": false,
                "container_delete_retention_policy": [],
                "cors_rule": [],
                "default_service_version": "",
                "delete_retention_policy": [],
                "last_access_time_enabled": false,
                "versioning_enabled": false
              }
            ],
            "custom_domain": [],
            "customer_managed_key": [],
            "edge_zone": "",
            "enable_https_traffic_only": true,
            "id": "/subscriptions/6f4edd7c-127b-448f-a9a9-a3644530720a/resourceGroups/terra-karthik-rg/providers/Microsoft.Storage/storageAccounts/demokarthik",
            "identity": [],
            "infrastructure_encryption_enabled": false,
            "is_hns_enabled": false,
            "large_file_share_enabled": null,
            "location": "eastus",
            "min_tls_version": "TLS1_2",
            "name": "demokarthik",
            "network_rules": [
              {
                "bypass": [
                  "AzureServices"
                ],
                "default_action": "Allow",
                "ip_rules": [],
                "private_link_access": [],
                "virtual_network_subnet_ids": []
              }
            ],
            "nfsv3_enabled": false,
            "primary_access_key": "0IF3wfXsuWAnOqm1ZuUt0X5LuVmcOuBPAQJQ0CsEqZpatjzBUvfvG4FfyvVA0G1TGRIT7hAtAKUx+AStGGQ1VA==",
            "primary_blob_connection_string": "DefaultEndpointsProtocol=https;BlobEndpoint=https://demokarthik.blob.core.windows.net/;AccountName=demokarthik;AccountKey=0IF3wfXsuWAnOqm1ZuUt0X5LuVmcOuBPAQJQ0CsEqZpatjzBUvfvG4FfyvVA0G1TGRIT7hAtAKUx+AStGGQ1VA==",
            "primary_blob_endpoint": "https://demokarthik.blob.core.windows.net/",
            "primary_blob_host": "demokarthik.blob.core.windows.net",
            "primary_connection_string": "DefaultEndpointsProtocol=https;AccountName=demokarthik;AccountKey=0IF3wfXsuWAnOqm1ZuUt0X5LuVmcOuBPAQJQ0CsEqZpatjzBUvfvG4FfyvVA0G1TGRIT7hAtAKUx+AStGGQ1VA==;EndpointSuffix=core.windows.net",
            "primary_dfs_endpoint": "https://demokarthik.dfs.core.windows.net/",
            "primary_dfs_host": "demokarthik.dfs.core.windows.net",
            "primary_file_endpoint": "https://demokarthik.file.core.windows.net/",
            "primary_file_host": "demokarthik.file.core.windows.net",
            "primary_location": "eastus",
            "primary_queue_endpoint": "https://demokarthik.queue.core.windows.net/",
            "primary_queue_host": "demokarthik.queue.core.windows.net",
            "primary_table_endpoint": "https://demokarthik.table.core.windows.net/",
            "primary_table_host": "demokarthik.table.core.windows.net",
            "primary_web_endpoint": "https://demokarthik.z13.web.core.windows.net/",
            "primary_web_host": "demokarthik.z13.web.core.windows.net",
            "queue_encryption_key_type": "Service",
            "queue_properties": [
              {
                "cors_rule": [],
                "hour_metrics": [
                  {
                    "enabled": true,
                    "include_apis": true,
                    "retention_policy_days": 7,
                    "version": "1.0"
                  }
                ],
                "logging": [
                  {
                    "delete": false,
                    "read": false,
                    "retention_policy_days": 0,
                    "version": "1.0",
                    "write": false
                  }
                ],
                "minute_metrics": [
                  {
                    "enabled": false,
                    "include_apis": false,
                    "retention_policy_days": 0,
                    "version": "1.0"
                  }
                ]
              }
            ],
            "resource_group_name": "terra-karthik-rg",
            "routing": [],
            "secondary_access_key": "pJURHYNb8YZKQXUHO+34Y5Qei9m38OJEY6OWn0mIq199R/jKzn+GkfecBcxJKGYzisC56Y1LbJaG+AStOdFJzQ==",
            "secondary_blob_connection_string": "",
            "secondary_blob_endpoint": null,
            "secondary_blob_host": null,
            "secondary_connection_string": "DefaultEndpointsProtocol=https;AccountName=demokarthik;AccountKey=pJURHYNb8YZKQXUHO+34Y5Qei9m38OJEY6OWn0mIq199R/jKzn+GkfecBcxJKGYzisC56Y1LbJaG+AStOdFJzQ==;EndpointSuffix=core.windows.net",
            "secondary_dfs_endpoint": null,
            "secondary_dfs_host": null,
            "secondary_file_endpoint": null,
            "secondary_file_host": null,
            "secondary_location": "",
            "secondary_queue_endpoint": null,
            "secondary_queue_host": null,
            "secondary_table_endpoint": null,
            "secondary_table_host": null,
            "secondary_web_endpoint": null,
            "secondary_web_host": null,
            "share_properties": [
              {
                "cors_rule": [],
                "retention_policy": [
                  {
                    "days": 7
                  }
                ],
                "smb": []
              }
            ],
            "shared_access_key_enabled": true,
            "static_website": [],
            "table_encryption_key_type": "Service",
            "tags": {},
            "timeouts": null
          },
          "sensitive_attributes": [],
          "private": "eyJlMmJmYjczMC1lY2FhLTExZTYtOGY4OC0zNDM2M2JjN2M0YzAiOnsiY3JlYXRlIjozNjAwMDAwMDAwMDAwLCJkZWxldGUiOjM2MDAwMDAwMDAwMDAsInJlYWQiOjMwMDAwMDAwMDAwMCwidXBkYXRlIjozNjAwMDAwMDAwMDAwfSwic2NoZW1hX3ZlcnNpb24iOiIzIn0=",
          "dependencies": [
            "azurerm_resource_group.terra-karthik"
          ]
        }
      ]
    },
    {
      "mode": "managed",
      "type": "azurerm_subnet",
      "name": "terra-karthik",
      "provider": "provider[\"registry.terraform.io/hashicorp/azurerm\"]",
      "instances": [
        {
          "schema_version": 0,
          "attributes": {
            "address_prefixes": [
              "10.0.0.0/24"
            ],
            "delegation": [],
            "enforce_private_link_endpoint_network_policies": false,
            "enforce_private_link_service_network_policies": false,
            "id": "/subscriptions/6f4edd7c-127b-448f-a9a9-a3644530720a/resourceGroups/terra-karthik-rg/providers/Microsoft.Network/virtualNetworks/terra-karthik-vnet/subnets/SubnetA",
            "name": "SubnetA",
            "resource_group_name": "terra-karthik-rg",
            "service_endpoint_policy_ids": [],
            "service_endpoints": [],
            "timeouts": null,
            "virtual_network_name": "terra-karthik-vnet"
          },
          "sensitive_attributes": [],
          "private": "eyJlMmJmYjczMC1lY2FhLTExZTYtOGY4OC0zNDM2M2JjN2M0YzAiOnsiY3JlYXRlIjoxODAwMDAwMDAwMDAwLCJkZWxldGUiOjE4MDAwMDAwMDAwMDAsInJlYWQiOjMwMDAwMDAwMDAwMCwidXBkYXRlIjoxODAwMDAwMDAwMDAwfX0=",
          "dependencies": [
            "azurerm_resource_group.terra-karthik",
            "azurerm_virtual_network.terra-karthik"
          ]
        }
      ]
    },
    {
      "mode": "managed",
      "type": "azurerm_virtual_network",
      "name": "terra-karthik",
      "provider": "provider[\"registry.terraform.io/hashicorp/azurerm\"]",
      "instances": [
        {
          "schema_version": 0,
          "attributes": {
            "address_space": [
              "10.0.0.0/16"
            ],
            "bgp_community": "",
            "ddos_protection_plan": [],
            "dns_servers": [],
            "edge_zone": "",
            "flow_timeout_in_minutes": 0,
            "guid": "6d28a7ad-bd77-4783-82bf-c2cc327a2f65",
            "id": "/subscriptions/6f4edd7c-127b-448f-a9a9-a3644530720a/resourceGroups/terra-karthik-rg/providers/Microsoft.Network/virtualNetworks/terra-karthik-vnet",
            "location": "eastus",
            "name": "terra-karthik-vnet",
            "resource_group_name": "terra-karthik-rg",
            "subnet": [
              {
                "address_prefix": "10.0.0.0/24",
                "id": "/subscriptions/6f4edd7c-127b-448f-a9a9-a3644530720a/resourceGroups/terra-karthik-rg/providers/Microsoft.Network/virtualNetworks/terra-karthik-vnet/subnets/SubnetA",
                "name": "SubnetA",
                "security_group": ""
              }
            ],
            "tags": {},
            "timeouts": null
          },
          "sensitive_attributes": [],
          "private": "eyJlMmJmYjczMC1lY2FhLTExZTYtOGY4OC0zNDM2M2JjN2M0YzAiOnsiY3JlYXRlIjoxODAwMDAwMDAwMDAwLCJkZWxldGUiOjE4MDAwMDAwMDAwMDAsInJlYWQiOjMwMDAwMDAwMDAwMCwidXBkYXRlIjoxODAwMDAwMDAwMDAwfX0=",
          "dependencies": [
            "azurerm_resource_group.terra-karthik"
          ]
        }
      ]
    }
  ],
  "check_results": null
}
